
Microsoft Visual Studio Solution File, Format Version 12.00
# Visual Studio Version 16
VisualStudioVersion = 16.0.29021.104
MinimumVisualStudioVersion = 10.0.40219.1
Project("{FAE04EC0-301F-11D3-BF4B-00C04F79EFBC}") = "MsdnChannel9VideoLister", "MsdnChannel9VideoLister\MsdnChannel9VideoLister.csproj", "{112A3C40-6C9C-4D79-8087-E95E1661664E}"
EndProject
Global
	GlobalSection(SolutionConfigurationPlatforms) = preSolution
		Debug|Any CPU = Debug|Any CPU
		Release|Any CPU = Release|Any CPU
	EndGlobalSection
	GlobalSection(ProjectConfigurationPlatforms) = postSolution
		{112A3C40-6C9C-4D79-8087-E95E1661664E}.Debug|Any CPU.ActiveCfg = Debug|Any CPU
		{112A3C40-6C9C-4D79-8087-E95E1661664E}.Debug|Any CPU.Build.0 = Debug|Any CPU
		{112A3C40-6C9C-4D79-8087-E95E1661664E}.Release|Any CPU.ActiveCfg = Release|Any CPU
		{112A3C40-6C9C-4D79-8087-E95E1661664E}.Release|Any CPU.Build.0 = Release|Any CPU
	EndGlobalSection
	GlobalSection(SolutionProperties) = preSolution
		HideSolutionNode = FALSE
	EndGlobalSection
	GlobalSection(ExtensibilityGlobals) = postSolution
		SolutionGuid = {A2B1571A-EE2A-4920-BBC1-F5ADB9EA522C}
	EndGlobalSection
EndGlobal
